
Microsoft Visual Studio Solution File, Format Version 12.00
# Visual Studio Version 17
VisualStudioVersion = 17.7.34003.232
MinimumVisualStudioVersion = 10.0.40219.1
Project("{FAE04EC0-301F-11D3-BF4B-00C04F79EFBC}") = "Calendario", "Calendario\Calendario.csproj", "{8B055E32-0C42-4C14-B8C3-EB631E5929E9}"
EndProject
Global
	GlobalSection(SolutionConfigurationPlatforms) = preSolution
		Debug|Any CPU = Debug|Any CPU
		Release|Any CPU = Release|Any CPU
	EndGlobalSection
	GlobalSection(ProjectConfigurationPlatforms) = postSolution
		{8B055E32-0C42-4C14-B8C3-EB631E5929E9}.Debug|Any CPU.ActiveCfg = Debug|Any CPU
		{8B055E32-0C42-4C14-B8C3-EB631E5929E9}.Debug|Any CPU.Build.0 = Debug|Any CPU
		{8B055E32-0C42-4C14-B8C3-EB631E5929E9}.Release|Any CPU.ActiveCfg = Release|Any CPU
		{8B055E32-0C42-4C14-B8C3-EB631E5929E9}.Release|Any CPU.Build.0 = Release|Any CPU
	EndGlobalSection
	GlobalSection(SolutionProperties) = preSolution
		HideSolutionNode = FALSE
	EndGlobalSection
	GlobalSection(ExtensibilityGlobals) = postSolution
		SolutionGuid = {BEEE3A90-4C65-4890-BD48-FCDE78828C2D}
	EndGlobalSection
EndGlobal
